
Microsoft Visual Studio Solution File, Format Version 12.00
# Visual Studio Version 17
VisualStudioVersion = 17.4.33103.184
MinimumVisualStudioVersion = 10.0.40219.1
Project("{FAE04EC0-301F-11D3-BF4B-00C04F79EFBC}") = "JSON4.application", "JSON4.application\JSON4.application.csproj", "{37E71FEF-5939-405E-A6A2-11C525F57386}"
EndProject
Global
	GlobalSection(SolutionConfigurationPlatforms) = preSolution
		Debug|Any CPU = Debug|Any CPU
		Release|Any CPU = Release|Any CPU
	EndGlobalSection
	GlobalSection(ProjectConfigurationPlatforms) = postSolution
		{37E71FEF-5939-405E-A6A2-11C525F57386}.Debug|Any CPU.ActiveCfg = Debug|Any CPU
		{37E71FEF-5939-405E-A6A2-11C525F57386}.Debug|Any CPU.Build.0 = Debug|Any CPU
		{37E71FEF-5939-405E-A6A2-11C525F57386}.Release|Any CPU.ActiveCfg = Release|Any CPU
		{37E71FEF-5939-405E-A6A2-11C525F57386}.Release|Any CPU.Build.0 = Release|Any CPU
	EndGlobalSection
	GlobalSection(SolutionProperties) = preSolution
		HideSolutionNode = FALSE
	EndGlobalSection
	GlobalSection(ExtensibilityGlobals) = postSolution
		SolutionGuid = {1CAFCE19-2AB5-4F2D-BAB5-8936DCE1391A}
	EndGlobalSection
EndGlobal
