
Microsoft Visual Studio Solution File, Format Version 12.00
# Visual Studio Version 17
VisualStudioVersion = 17.4.33103.184
MinimumVisualStudioVersion = 10.0.40219.1
Project("{FAE04EC0-301F-11D3-BF4B-00C04F79EFBC}") = "JSON4.Presentaion", "JSON4.application\JSON4.Presentaion.csproj", "{37E71FEF-5939-405E-A6A2-11C525F57386}"
EndProject
Project("{FAE04EC0-301F-11D3-BF4B-00C04F79EFBC}") = "JSON4.Domain", "JSON4.Domain\JSON4.Domain.csproj", "{EDFA3059-86CE-42C3-8754-BE579D0A3539}"
EndProject
Project("{FAE04EC0-301F-11D3-BF4B-00C04F79EFBC}") = "JSON4.Infrastructure", "JSON4.Infrastructure\JSON4.Infrastructure.csproj", "{AE70D0DA-496B-460F-999C-3F3B6D013E3B}"
EndProject
Project("{FAE04EC0-301F-11D3-BF4B-00C04F79EFBC}") = "JSON4.Application", "JSON4.Application\JSON4.Application.csproj", "{877416EA-88DD-46E5-B80C-0295DF58ED79}"
EndProject
Global
	GlobalSection(SolutionConfigurationPlatforms) = preSolution
		Debug|Any CPU = Debug|Any CPU
		Debug|x64 = Debug|x64
		Debug|x86 = Debug|x86
		Release|Any CPU = Release|Any CPU
		Release|x64 = Release|x64
		Release|x86 = Release|x86
	EndGlobalSection
	GlobalSection(ProjectConfigurationPlatforms) = postSolution
		{37E71FEF-5939-405E-A6A2-11C525F57386}.Debug|Any CPU.ActiveCfg = Debug|Any CPU
		{37E71FEF-5939-405E-A6A2-11C525F57386}.Debug|Any CPU.Build.0 = Debug|Any CPU
		{37E71FEF-5939-405E-A6A2-11C525F57386}.Debug|x64.ActiveCfg = Debug|Any CPU
		{37E71FEF-5939-405E-A6A2-11C525F57386}.Debug|x64.Build.0 = Debug|Any CPU
		{37E71FEF-5939-405E-A6A2-11C525F57386}.Debug|x86.ActiveCfg = Debug|Any CPU
		{37E71FEF-5939-405E-A6A2-11C525F57386}.Debug|x86.Build.0 = Debug|Any CPU
		{37E71FEF-5939-405E-A6A2-11C525F57386}.Release|Any CPU.ActiveCfg = Release|Any CPU
		{37E71FEF-5939-405E-A6A2-11C525F57386}.Release|Any CPU.Build.0 = Release|Any CPU
		{37E71FEF-5939-405E-A6A2-11C525F57386}.Release|x64.ActiveCfg = Release|Any CPU
		{37E71FEF-5939-405E-A6A2-11C525F57386}.Release|x64.Build.0 = Release|Any CPU
		{37E71FEF-5939-405E-A6A2-11C525F57386}.Release|x86.ActiveCfg = Release|Any CPU
		{37E71FEF-5939-405E-A6A2-11C525F57386}.Release|x86.Build.0 = Release|Any CPU
		{EDFA3059-86CE-42C3-8754-BE579D0A3539}.Debug|Any CPU.ActiveCfg = Debug|Any CPU
		{EDFA3059-86CE-42C3-8754-BE579D0A3539}.Debug|Any CPU.Build.0 = Debug|Any CPU
		{EDFA3059-86CE-42C3-8754-BE579D0A3539}.Debug|x64.ActiveCfg = Debug|Any CPU
		{EDFA3059-86CE-42C3-8754-BE579D0A3539}.Debug|x64.Build.0 = Debug|Any CPU
		{EDFA3059-86CE-42C3-8754-BE579D0A3539}.Debug|x86.ActiveCfg = Debug|Any CPU
		{EDFA3059-86CE-42C3-8754-BE579D0A3539}.Debug|x86.Build.0 = Debug|Any CPU
		{EDFA3059-86CE-42C3-8754-BE579D0A3539}.Release|Any CPU.ActiveCfg = Release|Any CPU
		{EDFA3059-86CE-42C3-8754-BE579D0A3539}.Release|Any CPU.Build.0 = Release|Any CPU
		{EDFA3059-86CE-42C3-8754-BE579D0A3539}.Release|x64.ActiveCfg = Release|Any CPU
		{EDFA3059-86CE-42C3-8754-BE579D0A3539}.Release|x64.Build.0 = Release|Any CPU
		{EDFA3059-86CE-42C3-8754-BE579D0A3539}.Release|x86.ActiveCfg = Release|Any CPU
		{EDFA3059-86CE-42C3-8754-BE579D0A3539}.Release|x86.Build.0 = Release|Any CPU
		{AE70D0DA-496B-460F-999C-3F3B6D013E3B}.Debug|Any CPU.ActiveCfg = Debug|Any CPU
		{AE70D0DA-496B-460F-999C-3F3B6D013E3B}.Debug|Any CPU.Build.0 = Debug|Any CPU
		{AE70D0DA-496B-460F-999C-3F3B6D013E3B}.Debug|x64.ActiveCfg = Debug|Any CPU
		{AE70D0DA-496B-460F-999C-3F3B6D013E3B}.Debug|x64.Build.0 = Debug|Any CPU
		{AE70D0DA-496B-460F-999C-3F3B6D013E3B}.Debug|x86.ActiveCfg = Debug|Any CPU
		{AE70D0DA-496B-460F-999C-3F3B6D013E3B}.Debug|x86.Build.0 = Debug|Any CPU
		{AE70D0DA-496B-460F-999C-3F3B6D013E3B}.Release|Any CPU.ActiveCfg = Release|Any CPU
		{AE70D0DA-496B-460F-999C-3F3B6D013E3B}.Release|Any CPU.Build.0 = Release|Any CPU
		{AE70D0DA-496B-460F-999C-3F3B6D013E3B}.Release|x64.ActiveCfg = Release|Any CPU
		{AE70D0DA-496B-460F-999C-3F3B6D013E3B}.Release|x64.Build.0 = Release|Any CPU
		{AE70D0DA-496B-460F-999C-3F3B6D013E3B}.Release|x86.ActiveCfg = Release|Any CPU
		{AE70D0DA-496B-460F-999C-3F3B6D013E3B}.Release|x86.Build.0 = Release|Any CPU
		{877416EA-88DD-46E5-B80C-0295DF58ED79}.Debug|Any CPU.ActiveCfg = Debug|Any CPU
		{877416EA-88DD-46E5-B80C-0295DF58ED79}.Debug|Any CPU.Build.0 = Debug|Any CPU
		{877416EA-88DD-46E5-B80C-0295DF58ED79}.Debug|x64.ActiveCfg = Debug|Any CPU
		{877416EA-88DD-46E5-B80C-0295DF58ED79}.Debug|x64.Build.0 = Debug|Any CPU
		{877416EA-88DD-46E5-B80C-0295DF58ED79}.Debug|x86.ActiveCfg = Debug|Any CPU
		{877416EA-88DD-46E5-B80C-0295DF58ED79}.Debug|x86.Build.0 = Debug|Any CPU
		{877416EA-88DD-46E5-B80C-0295DF58ED79}.Release|Any CPU.ActiveCfg = Release|Any CPU
		{877416EA-88DD-46E5-B80C-0295DF58ED79}.Release|Any CPU.Build.0 = Release|Any CPU
		{877416EA-88DD-46E5-B80C-0295DF58ED79}.Release|x64.ActiveCfg = Release|Any CPU
		{877416EA-88DD-46E5-B80C-0295DF58ED79}.Release|x64.Build.0 = Release|Any CPU
		{877416EA-88DD-46E5-B80C-0295DF58ED79}.Release|x86.ActiveCfg = Release|Any CPU
		{877416EA-88DD-46E5-B80C-0295DF58ED79}.Release|x86.Build.0 = Release|Any CPU
	EndGlobalSection
	GlobalSection(SolutionProperties) = preSolution
		HideSolutionNode = FALSE
	EndGlobalSection
	GlobalSection(ExtensibilityGlobals) = postSolution
		SolutionGuid = {1CAFCE19-2AB5-4F2D-BAB5-8936DCE1391A}
	EndGlobalSection
EndGlobal
